
Microsoft Visual Studio Solution File, Format Version 12.00
# Visual Studio 15
VisualStudioVersion = 15.0.26730.16
MinimumVisualStudioVersion = 10.0.40219.1
Project("{9A19103F-16F7-4668-BE54-9A1E7A4F7556}") = "CoreSWOAS", "Presentation\CoreSWOAS\CoreSWOAS.csproj", "{67ED28E4-EC40-4460-9FCA-124CC3EE6574}"
EndProject
Project("{E53339B2-1760-4266-BCC7-CA923CBCF16C}") = "docker-compose", "Presentation\docker-compose.dcproj", "{FD8E132E-420A-4B10-ADE9-850AF3B8CF13}"
EndProject
Project("{2150E333-8FDC-42A3-9474-1A3956D46DE8}") = "Presentation", "Presentation", "{BA98F131-E89F-4D3D-8BD1-97E8C158B621}"
EndProject
Project("{2150E333-8FDC-42A3-9474-1A3956D46DE8}") = "Domain", "Domain", "{35329832-EAEF-42D9-AD66-2BA3F7B5C341}"
EndProject
Project("{FAE04EC0-301F-11D3-BF4B-00C04F79EFBC}") = "CoreSWOAS.Data", "Domain\CoreSWOAS.Data\CoreSWOAS.Data.csproj", "{0D13240E-0666-4F2B-8B5B-10650FD73141}"
EndProject
Project("{FAE04EC0-301F-11D3-BF4B-00C04F79EFBC}") = "CoreSWOAS.Business", "Domain\CoreSWOAS.Business\CoreSWOAS.Business.csproj", "{7740A248-0C20-4BEF-9779-BFFF523457FC}"
EndProject
Project("{FAE04EC0-301F-11D3-BF4B-00C04F79EFBC}") = "CoreSWOAS.Models", "Domain\CoreSWOAS.Models\CoreSWOAS.Models.csproj", "{ED30C5D7-5FDC-428A-BD78-F96C905F61AA}"
EndProject
Project("{2150E333-8FDC-42A3-9474-1A3956D46DE8}") = "Tests", "Tests", "{0B1E7FF4-64DF-4C8A-B66C-B2E51296F21D}"
EndProject
Project("{FAE04EC0-301F-11D3-BF4B-00C04F79EFBC}") = "CoreSWOAS.Business.Tests", "Tests\CoreSWOAS.Business.Tests\CoreSWOAS.Business.Tests.csproj", "{CEFC686A-1D94-4BD7-AD60-1E6FCEC2303F}"
EndProject
Global
	GlobalSection(SolutionConfigurationPlatforms) = preSolution
		Debug|Any CPU = Debug|Any CPU
		Release|Any CPU = Release|Any CPU
	EndGlobalSection
	GlobalSection(ProjectConfigurationPlatforms) = postSolution
		{67ED28E4-EC40-4460-9FCA-124CC3EE6574}.Debug|Any CPU.ActiveCfg = Debug|Any CPU
		{67ED28E4-EC40-4460-9FCA-124CC3EE6574}.Debug|Any CPU.Build.0 = Debug|Any CPU
		{67ED28E4-EC40-4460-9FCA-124CC3EE6574}.Release|Any CPU.ActiveCfg = Release|Any CPU
		{67ED28E4-EC40-4460-9FCA-124CC3EE6574}.Release|Any CPU.Build.0 = Release|Any CPU
		{FD8E132E-420A-4B10-ADE9-850AF3B8CF13}.Debug|Any CPU.ActiveCfg = Debug|Any CPU
		{FD8E132E-420A-4B10-ADE9-850AF3B8CF13}.Debug|Any CPU.Build.0 = Debug|Any CPU
		{FD8E132E-420A-4B10-ADE9-850AF3B8CF13}.Release|Any CPU.ActiveCfg = Release|Any CPU
		{FD8E132E-420A-4B10-ADE9-850AF3B8CF13}.Release|Any CPU.Build.0 = Release|Any CPU
		{0D13240E-0666-4F2B-8B5B-10650FD73141}.Debug|Any CPU.ActiveCfg = Debug|Any CPU
		{0D13240E-0666-4F2B-8B5B-10650FD73141}.Debug|Any CPU.Build.0 = Debug|Any CPU
		{0D13240E-0666-4F2B-8B5B-10650FD73141}.Release|Any CPU.ActiveCfg = Release|Any CPU
		{0D13240E-0666-4F2B-8B5B-10650FD73141}.Release|Any CPU.Build.0 = Release|Any CPU
		{7740A248-0C20-4BEF-9779-BFFF523457FC}.Debug|Any CPU.ActiveCfg = Debug|Any CPU
		{7740A248-0C20-4BEF-9779-BFFF523457FC}.Debug|Any CPU.Build.0 = Debug|Any CPU
		{7740A248-0C20-4BEF-9779-BFFF523457FC}.Release|Any CPU.ActiveCfg = Release|Any CPU
		{7740A248-0C20-4BEF-9779-BFFF523457FC}.Release|Any CPU.Build.0 = Release|Any CPU
		{ED30C5D7-5FDC-428A-BD78-F96C905F61AA}.Debug|Any CPU.ActiveCfg = Debug|Any CPU
		{ED30C5D7-5FDC-428A-BD78-F96C905F61AA}.Debug|Any CPU.Build.0 = Debug|Any CPU
		{ED30C5D7-5FDC-428A-BD78-F96C905F61AA}.Release|Any CPU.ActiveCfg = Release|Any CPU
		{ED30C5D7-5FDC-428A-BD78-F96C905F61AA}.Release|Any CPU.Build.0 = Release|Any CPU
		{CEFC686A-1D94-4BD7-AD60-1E6FCEC2303F}.Debug|Any CPU.ActiveCfg = Debug|Any CPU
		{CEFC686A-1D94-4BD7-AD60-1E6FCEC2303F}.Debug|Any CPU.Build.0 = Debug|Any CPU
		{CEFC686A-1D94-4BD7-AD60-1E6FCEC2303F}.Release|Any CPU.ActiveCfg = Release|Any CPU
		{CEFC686A-1D94-4BD7-AD60-1E6FCEC2303F}.Release|Any CPU.Build.0 = Release|Any CPU
	EndGlobalSection
	GlobalSection(SolutionProperties) = preSolution
		HideSolutionNode = FALSE
	EndGlobalSection
	GlobalSection(NestedProjects) = preSolution
		{67ED28E4-EC40-4460-9FCA-124CC3EE6574} = {BA98F131-E89F-4D3D-8BD1-97E8C158B621}
		{FD8E132E-420A-4B10-ADE9-850AF3B8CF13} = {BA98F131-E89F-4D3D-8BD1-97E8C158B621}
		{0D13240E-0666-4F2B-8B5B-10650FD73141} = {35329832-EAEF-42D9-AD66-2BA3F7B5C341}
		{7740A248-0C20-4BEF-9779-BFFF523457FC} = {35329832-EAEF-42D9-AD66-2BA3F7B5C341}
		{ED30C5D7-5FDC-428A-BD78-F96C905F61AA} = {35329832-EAEF-42D9-AD66-2BA3F7B5C341}
		{CEFC686A-1D94-4BD7-AD60-1E6FCEC2303F} = {0B1E7FF4-64DF-4C8A-B66C-B2E51296F21D}
	EndGlobalSection
	GlobalSection(ExtensibilityGlobals) = postSolution
		SolutionGuid = {9CCED9EC-2A11-459D-A91C-FFB1E2F334A5}
	EndGlobalSection
EndGlobal
